
Microsoft Visual Studio Solution File, Format Version 12.00
# Visual Studio Version 17
VisualStudioVersion = 17.0.31903.59
MinimumVisualStudioVersion = 10.0.40219.1
Project("{FAE04EC0-301F-11D3-BF4B-00C04F79EFBC}") = "Drastic.YouTube", "Drastic.YouTube\Drastic.YouTube.csproj", "{731D9F55-AC82-44EE-8A7F-BA9CA8128803}"
EndProject
Project("{FAE04EC0-301F-11D3-BF4B-00C04F79EFBC}") = "Drastic.YouTube.Tests", "Drastic.YouTube.Tests\Drastic.YouTube.Tests.csproj", "{04098C8C-65BE-46AB-9A14-9FEC5F658DA3}"
EndProject
Project("{FAE04EC0-301F-11D3-BF4B-00C04F79EFBC}") = "Drastic.YouTube.Sample.ConsoleApp", "Drastic.YouTube.Sample.ConsoleApp\Drastic.YouTube.Sample.ConsoleApp.csproj", "{182F786B-8BF6-44C4-85BB-9A973CEDC723}"
EndProject
Global
	GlobalSection(SolutionConfigurationPlatforms) = preSolution
		Debug|Any CPU = Debug|Any CPU
		Release|Any CPU = Release|Any CPU
	EndGlobalSection
	GlobalSection(SolutionProperties) = preSolution
		HideSolutionNode = FALSE
	EndGlobalSection
	GlobalSection(ProjectConfigurationPlatforms) = postSolution
		{731D9F55-AC82-44EE-8A7F-BA9CA8128803}.Debug|Any CPU.ActiveCfg = Debug|Any CPU
		{731D9F55-AC82-44EE-8A7F-BA9CA8128803}.Debug|Any CPU.Build.0 = Debug|Any CPU
		{731D9F55-AC82-44EE-8A7F-BA9CA8128803}.Release|Any CPU.ActiveCfg = Release|Any CPU
		{731D9F55-AC82-44EE-8A7F-BA9CA8128803}.Release|Any CPU.Build.0 = Release|Any CPU
		{04098C8C-65BE-46AB-9A14-9FEC5F658DA3}.Debug|Any CPU.ActiveCfg = Debug|Any CPU
		{04098C8C-65BE-46AB-9A14-9FEC5F658DA3}.Debug|Any CPU.Build.0 = Debug|Any CPU
		{04098C8C-65BE-46AB-9A14-9FEC5F658DA3}.Release|Any CPU.ActiveCfg = Release|Any CPU
		{04098C8C-65BE-46AB-9A14-9FEC5F658DA3}.Release|Any CPU.Build.0 = Release|Any CPU
		{182F786B-8BF6-44C4-85BB-9A973CEDC723}.Debug|Any CPU.ActiveCfg = Debug|Any CPU
		{182F786B-8BF6-44C4-85BB-9A973CEDC723}.Debug|Any CPU.Build.0 = Debug|Any CPU
		{182F786B-8BF6-44C4-85BB-9A973CEDC723}.Release|Any CPU.ActiveCfg = Release|Any CPU
		{182F786B-8BF6-44C4-85BB-9A973CEDC723}.Release|Any CPU.Build.0 = Release|Any CPU
	EndGlobalSection
EndGlobal
